// !$*UTF8*$!
{
	archiveVersion = 1;
	classes = {
	};
	objectVersion = 50;
	objects = {

/* Begin PBXBuildFile section */
		55F102B525F5207000D186D4 /* ManyverseApp.swift in Sources */ = {isa = PBXBuildFile; fileRef = 55F102B425F5207000D186D4 /* ManyverseApp.swift */; };
		55F102B725F5207000D186D4 /* ContentView.swift in Sources */ = {isa = PBXBuildFile; fileRef = 55F102B625F5207000D186D4 /* ContentView.swift */; };
		55F102B925F5207100D186D4 /* Assets.xcassets in Resources */ = {isa = PBXBuildFile; fileRef = 55F102B825F5207100D186D4 /* Assets.xcassets */; };
		55F102BC25F5207100D186D4 /* Preview Assets.xcassets in Resources */ = {isa = PBXBuildFile; fileRef = 55F102BB25F5207100D186D4 /* Preview Assets.xcassets */; };
		55F102C725F5207100D186D4 /* ManyverseTests.swift in Sources */ = {isa = PBXBuildFile; fileRef = 55F102C625F5207100D186D4 /* ManyverseTests.swift */; };
		55F102D225F5207100D186D4 /* ManyverseUITests.swift in Sources */ = {isa = PBXBuildFile; fileRef = 55F102D125F5207100D186D4 /* ManyverseUITests.swift */; };
/* End PBXBuildFile section */

/* Begin PBXContainerItemProxy section */
		55F102C325F5207100D186D4 /* PBXContainerItemProxy */ = {
			isa = PBXContainerItemProxy;
			containerPortal = 55F102A925F5207000D186D4 /* Project object */;
			proxyType = 1;
			remoteGlobalIDString = 55F102B025F5207000D186D4;
			remoteInfo = Manyverse;
		};
		55F102CE25F5207100D186D4 /* PBXContainerItemProxy */ = {
			isa = PBXContainerItemProxy;
			containerPortal = 55F102A925F5207000D186D4 /* Project object */;
			proxyType = 1;
			remoteGlobalIDString = 55F102B025F5207000D186D4;
			remoteInfo = Manyverse;
		};
/* End PBXContainerItemProxy section */

/* Begin PBXFileReference section */
		55F102B125F5207000D186D4 /* Manyverse.app */ = {isa = PBXFileReference; explicitFileType = wrapper.application; includeInIndex = 0; path = Manyverse.app; sourceTree = BUILT_PRODUCTS_DIR; };
		55F102B425F5207000D186D4 /* ManyverseApp.swift */ = {isa = PBXFileReference; lastKnownFileType = sourcecode.swift; path = ManyverseApp.swift; sourceTree = "<group>"; };
		55F102B625F5207000D186D4 /* ContentView.swift */ = {isa = PBXFileReference; lastKnownFileType = sourcecode.swift; path = ContentView.swift; sourceTree = "<group>"; };
		55F102B825F5207100D186D4 /* Assets.xcassets */ = {isa = PBXFileReference; lastKnownFileType = folder.assetcatalog; path = Assets.xcassets; sourceTree = "<group>"; };
		55F102BB25F5207100D186D4 /* Preview Assets.xcassets */ = {isa = PBXFileReference; lastKnownFileType = folder.assetcatalog; path = "Preview Assets.xcassets"; sourceTree = "<group>"; };
		55F102BD25F5207100D186D4 /* Info.plist */ = {isa = PBXFileReference; lastKnownFileType = text.plist.xml; path = Info.plist; sourceTree = "<group>"; };
		55F102C225F5207100D186D4 /* ManyverseTests.xctest */ = {isa = PBXFileReference; explicitFileType = wrapper.cfbundle; includeInIndex = 0; path = ManyverseTests.xctest; sourceTree = BUILT_PRODUCTS_DIR; };
		55F102C625F5207100D186D4 /* ManyverseTests.swift */ = {isa = PBXFileReference; lastKnownFileType = sourcecode.swift; path = ManyverseTests.swift; sourceTree = "<group>"; };
		55F102C825F5207100D186D4 /* Info.plist */ = {isa = PBXFileReference; lastKnownFileType = text.plist.xml; path = Info.plist; sourceTree = "<group>"; };
		55F102CD25F5207100D186D4 /* ManyverseUITests.xctest */ = {isa = PBXFileReference; explicitFileType = wrapper.cfbundle; includeInIndex = 0; path = ManyverseUITests.xctest; sourceTree = BUILT_PRODUCTS_DIR; };
		55F102D125F5207100D186D4 /* ManyverseUITests.swift */ = {isa = PBXFileReference; lastKnownFileType = sourcecode.swift; path = ManyverseUITests.swift; sourceTree = "<group>"; };
		55F102D325F5207100D186D4 /* Info.plist */ = {isa = PBXFileReference; lastKnownFileType = text.plist.xml; path = Info.plist; sourceTree = "<group>"; };
/* End PBXFileReference section */

/* Begin PBXFrameworksBuildPhase section */
		55F102AE25F5207000D186D4 /* Frameworks */ = {
			isa = PBXFrameworksBuildPhase;
			buildActionMask = 2147483647;
			files = (
			);
			runOnlyForDeploymentPostprocessing = 0;
		};
		55F102BF25F5207100D186D4 /* Frameworks */ = {
			isa = PBXFrameworksBuildPhase;
			buildActionMask = 2147483647;
			files = (
			);
			runOnlyForDeploymentPostprocessing = 0;
		};
		55F102CA25F5207100D186D4 /* Frameworks */ = {
			isa = PBXFrameworksBuildPhase;
			buildActionMask = 2147483647;
			files = (
			);
			runOnlyForDeploymentPostprocessing = 0;
		};
/* End PBXFrameworksBuildPhase section */

/* Begin PBXGroup section */
		55F102A825F5207000D186D4 = {
			isa = PBXGroup;
			children = (
				55F102B325F5207000D186D4 /* Manyverse */,
				55F102C525F5207100D186D4 /* ManyverseTests */,
				55F102D025F5207100D186D4 /* ManyverseUITests */,
				55F102B225F5207000D186D4 /* Products */,
			);
			sourceTree = "<group>";
		};
		55F102B225F5207000D186D4 /* Products */ = {
			isa = PBXGroup;
			children = (
				55F102B125F5207000D186D4 /* Manyverse.app */,
				55F102C225F5207100D186D4 /* ManyverseTests.xctest */,
				55F102CD25F5207100D186D4 /* ManyverseUITests.xctest */,
			);
			name = Products;
			sourceTree = "<group>";
		};
		55F102B325F5207000D186D4 /* Manyverse */ = {
			isa = PBXGroup;
			children = (
				55F102B425F5207000D186D4 /* ManyverseApp.swift */,
				55F102B625F5207000D186D4 /* ContentView.swift */,
				55F102B825F5207100D186D4 /* Assets.xcassets */,
				55F102BD25F5207100D186D4 /* Info.plist */,
				55F102BA25F5207100D186D4 /* Preview Content */,
			);
			path = Manyverse;
			sourceTree = "<group>";
		};
		55F102BA25F5207100D186D4 /* Preview Content */ = {
			isa = PBXGroup;
			children = (
				55F102BB25F5207100D186D4 /* Preview Assets.xcassets */,
			);
			path = "Preview Content";
			sourceTree = "<group>";
		};
		55F102C525F5207100D186D4 /* ManyverseTests */ = {
			isa = PBXGroup;
			children = (
				55F102C625F5207100D186D4 /* ManyverseTests.swift */,
				55F102C825F5207100D186D4 /* Info.plist */,
			);
			path = ManyverseTests;
			sourceTree = "<group>";
		};
		55F102D025F5207100D186D4 /* ManyverseUITests */ = {
			isa = PBXGroup;
			children = (
				55F102D125F5207100D186D4 /* ManyverseUITests.swift */,
				55F102D325F5207100D186D4 /* Info.plist */,
			);
			path = ManyverseUITests;
			sourceTree = "<group>";
		};
/* End PBXGroup section */

/* Begin PBXNativeTarget section */
		55F102B025F5207000D186D4 /* Manyverse */ = {
			isa = PBXNativeTarget;
			buildConfigurationList = 55F102D625F5207100D186D4 /* Build configuration list for PBXNativeTarget "Manyverse" */;
			buildPhases = (
				55F102AD25F5207000D186D4 /* Sources */,
				55F102AE25F5207000D186D4 /* Frameworks */,
				55F102AF25F5207000D186D4 /* Resources */,
			);
			buildRules = (
			);
			dependencies = (
			);
			name = Manyverse;
			productName = Manyverse;
			productReference = 55F102B125F5207000D186D4 /* Manyverse.app */;
			productType = "com.apple.product-type.application";
		};
		55F102C125F5207100D186D4 /* ManyverseTests */ = {
			isa = PBXNativeTarget;
			buildConfigurationList = 55F102D925F5207100D186D4 /* Build configuration list for PBXNativeTarget "ManyverseTests" */;
			buildPhases = (
				55F102BE25F5207100D186D4 /* Sources */,
				55F102BF25F5207100D186D4 /* Frameworks */,
				55F102C025F5207100D186D4 /* Resources */,
			);
			buildRules = (
			);
			dependencies = (
				55F102C425F5207100D186D4 /* PBXTargetDependency */,
			);
			name = ManyverseTests;
			productName = ManyverseTests;
			productReference = 55F102C225F5207100D186D4 /* ManyverseTests.xctest */;
			productType = "com.apple.product-type.bundle.unit-test";
		};
		55F102CC25F5207100D186D4 /* ManyverseUITests */ = {
			isa = PBXNativeTarget;
			buildConfigurationList = 55F102DC25F5207100D186D4 /* Build configuration list for PBXNativeTarget "ManyverseUITests" */;
			buildPhases = (
				55F102C925F5207100D186D4 /* Sources */,
				55F102CA25F5207100D186D4 /* Frameworks */,
				55F102CB25F5207100D186D4 /* Resources */,
			);
			buildRules = (
			);
			dependencies = (
				55F102CF25F5207100D186D4 /* PBXTargetDependency */,
			);
			name = ManyverseUITests;
			productName = ManyverseUITests;
			productReference = 55F102CD25F5207100D186D4 /* ManyverseUITests.xctest */;
			productType = "com.apple.product-type.bundle.ui-testing";
		};
/* End PBXNativeTarget section */

/* Begin PBXProject section */
		55F102A925F5207000D186D4 /* Project object */ = {
			isa = PBXProject;
			attributes = {
				LastSwiftUpdateCheck = 1240;
				LastUpgradeCheck = 1240;
				TargetAttributes = {
					55F102B025F5207000D186D4 = {
						CreatedOnToolsVersion = 12.4;
					};
					55F102C125F5207100D186D4 = {
						CreatedOnToolsVersion = 12.4;
						TestTargetID = 55F102B025F5207000D186D4;
					};
					55F102CC25F5207100D186D4 = {
						CreatedOnToolsVersion = 12.4;
						TestTargetID = 55F102B025F5207000D186D4;
					};
				};
			};
			buildConfigurationList = 55F102AC25F5207000D186D4 /* Build configuration list for PBXProject "Manyverse" */;
			compatibilityVersion = "Xcode 9.3";
			developmentRegion = en;
			hasScannedForEncodings = 0;
			knownRegions = (
				en,
				Base,
			);
			mainGroup = 55F102A825F5207000D186D4;
			productRefGroup = 55F102B225F5207000D186D4 /* Products */;
			projectDirPath = "";
			projectRoot = "";
			targets = (
				55F102B025F5207000D186D4 /* Manyverse */,
				55F102C125F5207100D186D4 /* ManyverseTests */,
				55F102CC25F5207100D186D4 /* ManyverseUITests */,
			);
		};
/* End PBXProject section */

/* Begin PBXResourcesBuildPhase section */
		55F102AF25F5207000D186D4 /* Resources */ = {
			isa = PBXResourcesBuildPhase;
			buildActionMask = 2147483647;
			files = (
				55F102BC25F5207100D186D4 /* Preview Assets.xcassets in Resources */,
				55F102B925F5207100D186D4 /* Assets.xcassets in Resources */,
			);
			runOnlyForDeploymentPostprocessing = 0;
		};
		55F102C025F5207100D186D4 /* Resources */ = {
			isa = PBXResourcesBuildPhase;
			buildActionMask = 2147483647;
			files = (
			);
			runOnlyForDeploymentPostprocessing = 0;
		};
		55F102CB25F5207100D186D4 /* Resources */ = {
			isa = PBXResourcesBuildPhase;
			buildActionMask = 2147483647;
			files = (
			);
			runOnlyForDeploymentPostprocessing = 0;
		};
/* End PBXResourcesBuildPhase section */

/* Begin PBXSourcesBuildPhase section */
		55F102AD25F5207000D186D4 /* Sources */ = {
			isa = PBXSourcesBuildPhase;
			buildActionMask = 2147483647;
			files = (
				55F102B725F5207000D186D4 /* ContentView.swift in Sources */,
				55F102B525F5207000D186D4 /* ManyverseApp.swift in Sources */,
			);
			runOnlyForDeploymentPostprocessing = 0;
		};
		55F102BE25F5207100D186D4 /* Sources */ = {
			isa = PBXSourcesBuildPhase;
			buildActionMask = 2147483647;
			files = (
				55F102C725F5207100D186D4 /* ManyverseTests.swift in Sources */,
			);
			runOnlyForDeploymentPostprocessing = 0;
		};
		55F102C925F5207100D186D4 /* Sources */ = {
			isa = PBXSourcesBuildPhase;
			buildActionMask = 2147483647;
			files = (
				55F102D225F5207100D186D4 /* ManyverseUITests.swift in Sources */,
			);
			runOnlyForDeploymentPostprocessing = 0;
		};
/* End PBXSourcesBuildPhase section */

/* Begin PBXTargetDependency section */
		55F102C425F5207100D186D4 /* PBXTargetDependency */ = {
			isa = PBXTargetDependency;
			target = 55F102B025F5207000D186D4 /* Manyverse */;
			targetProxy = 55F102C325F5207100D186D4 /* PBXContainerItemProxy */;
		};
		55F102CF25F5207100D186D4 /* PBXTargetDependency */ = {
			isa = PBXTargetDependency;
			target = 55F102B025F5207000D186D4 /* Manyverse */;
			targetProxy = 55F102CE25F5207100D186D4 /* PBXContainerItemProxy */;
		};
/* End PBXTargetDependency section */

/* Begin XCBuildConfiguration section */
		55F102D425F5207100D186D4 /* Debug */ = {
			isa = XCBuildConfiguration;
			buildSettings = {
				ALWAYS_SEARCH_USER_PATHS = NO;
				CLANG_ANALYZER_NONNULL = YES;
				CLANG_ANALYZER_NUMBER_OBJECT_CONVERSION = YES_AGGRESSIVE;
				CLANG_CXX_LANGUAGE_STANDARD = "gnu++14";
				CLANG_CXX_LIBRARY = "libc++";
				CLANG_ENABLE_MODULES = YES;
				CLANG_ENABLE_OBJC_ARC = YES;
				CLANG_ENABLE_OBJC_WEAK = YES;
				CLANG_WARN_BLOCK_CAPTURE_AUTORELEASING = YES;
				CLANG_WARN_BOOL_CONVERSION = YES;
				CLANG_WARN_COMMA = YES;
				CLANG_WARN_CONSTANT_CONVERSION = YES;
				CLANG_WARN_DEPRECATED_OBJC_IMPLEMENTATIONS = YES;
				CLANG_WARN_DIRECT_OBJC_ISA_USAGE = YES_ERROR;
				CLANG_WARN_DOCUMENTATION_COMMENTS = YES;
				CLANG_WARN_EMPTY_BODY = YES;
				CLANG_WARN_ENUM_CONVERSION = YES;
				CLANG_WARN_INFINITE_RECURSION = YES;
				CLANG_WARN_INT_CONVERSION = YES;
				CLANG_WARN_NON_LITERAL_NULL_CONVERSION = YES;
				CLANG_WARN_OBJC_IMPLICIT_RETAIN_SELF = YES;
				CLANG_WARN_OBJC_LITERAL_CONVERSION = YES;
				CLANG_WARN_OBJC_ROOT_CLASS = YES_ERROR;
				CLANG_WARN_QUOTED_INCLUDE_IN_FRAMEWORK_HEADER = YES;
				CLANG_WARN_RANGE_LOOP_ANALYSIS = YES;
				CLANG_WARN_STRICT_PROTOTYPES = YES;
				CLANG_WARN_SUSPICIOUS_MOVE = YES;
				CLANG_WARN_UNGUARDED_AVAILABILITY = YES_AGGRESSIVE;
				CLANG_WARN_UNREACHABLE_CODE = YES;
				CLANG_WARN__DUPLICATE_METHOD_MATCH = YES;
				COPY_PHASE_STRIP = NO;
				DEBUG_INFORMATION_FORMAT = dwarf;
				ENABLE_STRICT_OBJC_MSGSEND = YES;
				ENABLE_TESTABILITY = YES;
				GCC_C_LANGUAGE_STANDARD = gnu11;
				GCC_DYNAMIC_NO_PIC = NO;
				GCC_NO_COMMON_BLOCKS = YES;
				GCC_OPTIMIZATION_LEVEL = 0;
				GCC_PREPROCESSOR_DEFINITIONS = (
					"DEBUG=1",
					"$(inherited)",
				);
				GCC_WARN_64_TO_32_BIT_CONVERSION = YES;
				GCC_WARN_ABOUT_RETURN_TYPE = YES_ERROR;
				GCC_WARN_UNDECLARED_SELECTOR = YES;
				GCC_WARN_UNINITIALIZED_AUTOS = YES_AGGRESSIVE;
				GCC_WARN_UNUSED_FUNCTION = YES;
				GCC_WARN_UNUSED_VARIABLE = YES;
				IPHONEOS_DEPLOYMENT_TARGET = 14.4;
				MTL_ENABLE_DEBUG_INFO = INCLUDE_SOURCE;
				MTL_FAST_MATH = YES;
				ONLY_ACTIVE_ARCH = YES;
				SDKROOT = iphoneos;
				SWIFT_ACTIVE_COMPILATION_CONDITIONS = DEBUG;
				SWIFT_OPTIMIZATION_LEVEL = "-Onone";
			};
			name = Debug;
		};
		55F102D525F5207100D186D4 /* Release */ = {
			isa = XCBuildConfiguration;
			buildSettings = {
				ALWAYS_SEARCH_USER_PATHS = NO;
				CLANG_ANALYZER_NONNULL = YES;
				CLANG_ANALYZER_NUMBER_OBJECT_CONVERSION = YES_AGGRESSIVE;
				CLANG_CXX_LANGUAGE_STANDARD = "gnu++14";
				CLANG_CXX_LIBRARY = "libc++";
				CLANG_ENABLE_MODULES = YES;
				CLANG_ENABLE_OBJC_ARC = YES;
				CLANG_ENABLE_OBJC_WEAK = YES;
				CLANG_WARN_BLOCK_CAPTURE_AUTORELEASING = YES;
				CLANG_WARN_BOOL_CONVERSION = YES;
				CLANG_WARN_COMMA = YES;
				CLANG_WARN_CONSTANT_CONVERSION = YES;
				CLANG_WARN_DEPRECATED_OBJC_IMPLEMENTATIONS = YES;
				CLANG_WARN_DIRECT_OBJC_ISA_USAGE = YES_ERROR;
				CLANG_WARN_DOCUMENTATION_COMMENTS = YES;
				CLANG_WARN_EMPTY_BODY = YES;
				CLANG_WARN_ENUM_CONVERSION = YES;
				CLANG_WARN_INFINITE_RECURSION = YES;
				CLANG_WARN_INT_CONVERSION = YES;
				CLANG_WARN_NON_LITERAL_NULL_CONVERSION = YES;
				CLANG_WARN_OBJC_IMPLICIT_RETAIN_SELF = YES;
				CLANG_WARN_OBJC_LITERAL_CONVERSION = YES;
				CLANG_WARN_OBJC_ROOT_CLASS = YES_ERROR;
				CLANG_WARN_QUOTED_INCLUDE_IN_FRAMEWORK_HEADER = YES;
				CLANG_WARN_RANGE_LOOP_ANALYSIS = YES;
				CLANG_WARN_STRICT_PROTOTYPES = YES;
				CLANG_WARN_SUSPICIOUS_MOVE = YES;
				CLANG_WARN_UNGUARDED_AVAILABILITY = YES_AGGRESSIVE;
				CLANG_WARN_UNREACHABLE_CODE = YES;
				CLANG_WARN__DUPLICATE_METHOD_MATCH = YES;
				COPY_PHASE_STRIP = NO;
				DEBUG_INFORMATION_FORMAT = "dwarf-with-dsym";
				ENABLE_NS_ASSERTIONS = NO;
				ENABLE_STRICT_OBJC_MSGSEND = YES;
				GCC_C_LANGUAGE_STANDARD = gnu11;
				GCC_NO_COMMON_BLOCKS = YES;
				GCC_WARN_64_TO_32_BIT_CONVERSION = YES;
				GCC_WARN_ABOUT_RETURN_TYPE = YES_ERROR;
				GCC_WARN_UNDECLARED_SELECTOR = YES;
				GCC_WARN_UNINITIALIZED_AUTOS = YES_AGGRESSIVE;
				GCC_WARN_UNUSED_FUNCTION = YES;
				GCC_WARN_UNUSED_VARIABLE = YES;
				IPHONEOS_DEPLOYMENT_TARGET = 14.4;
				MTL_ENABLE_DEBUG_INFO = NO;
				MTL_FAST_MATH = YES;
				SDKROOT = iphoneos;
				SWIFT_COMPILATION_MODE = wholemodule;
				SWIFT_OPTIMIZATION_LEVEL = "-O";
				VALIDATE_PRODUCT = YES;
			};
			name = Release;
		};
		55F102D725F5207100D186D4 /* Debug */ = {
			isa = XCBuildConfiguration;
			buildSettings = {
				ASSETCATALOG_COMPILER_APPICON_NAME = AppIcon;
				ASSETCATALOG_COMPILER_GLOBAL_ACCENT_COLOR_NAME = AccentColor;
				CODE_SIGN_STYLE = Automatic;
				DEVELOPMENT_ASSET_PATHS = "\"Manyverse/Preview Content\"";
				DEVELOPMENT_TEAM = 3FDUNMTLJS;
				ENABLE_PREVIEWS = YES;
				INFOPLIST_FILE = Manyverse/Info.plist;
				IPHONEOS_DEPLOYMENT_TARGET = 14.0;
				LD_RUNPATH_SEARCH_PATHS = (
					"$(inherited)",
					"@executable_path/Frameworks",
				);
				PRODUCT_BUNDLE_IDENTIFIER = se.manyver.Manyverse;
				PRODUCT_NAME = "$(TARGET_NAME)";
				SWIFT_VERSION = 5.0;
				TARGETED_DEVICE_FAMILY = "1,2";
			};
			name = Debug;
		};
		55F102D825F5207100D186D4 /* Release */ = {
			isa = XCBuildConfiguration;
			buildSettings = {
				ASSETCATALOG_COMPILER_APPICON_NAME = AppIcon;
				ASSETCATALOG_COMPILER_GLOBAL_ACCENT_COLOR_NAME = AccentColor;
				CODE_SIGN_STYLE = Automatic;
				DEVELOPMENT_ASSET_PATHS = "\"Manyverse/Preview Content\"";
				DEVELOPMENT_TEAM = 3FDUNMTLJS;
				ENABLE_PREVIEWS = YES;
				INFOPLIST_FILE = Manyverse/Info.plist;
				IPHONEOS_DEPLOYMENT_TARGET = 14.0;
				LD_RUNPATH_SEARCH_PATHS = (
					"$(inherited)",
					"@executable_path/Frameworks",
				);
				PRODUCT_BUNDLE_IDENTIFIER = se.manyver.Manyverse;
				PRODUCT_NAME = "$(TARGET_NAME)";
				SWIFT_VERSION = 5.0;
				TARGETED_DEVICE_FAMILY = "1,2";
			};
			name = Release;
		};
		55F102DA25F5207100D186D4 /* Debug */ = {
			isa = XCBuildConfiguration;
			buildSettings = {
				ALWAYS_EMBED_SWIFT_STANDARD_LIBRARIES = YES;
				BUNDLE_LOADER = "$(TEST_HOST)";
				CODE_SIGN_STYLE = Automatic;
				DEVELOPMENT_TEAM = 3FDUNMTLJS;
				INFOPLIST_FILE = ManyverseTests/Info.plist;
				IPHONEOS_DEPLOYMENT_TARGET = 14.0;
				LD_RUNPATH_SEARCH_PATHS = (
					"$(inherited)",
					"@executable_path/Frameworks",
					"@loader_path/Frameworks",
				);
				PRODUCT_BUNDLE_IDENTIFIER = se.manyver.ManyverseTests;
				PRODUCT_NAME = "$(TARGET_NAME)";
				SWIFT_VERSION = 5.0;
				TARGETED_DEVICE_FAMILY = "1,2";
				TEST_HOST = "$(BUILT_PRODUCTS_DIR)/Manyverse.app/Manyverse";
			};
			name = Debug;
		};
		55F102DB25F5207100D186D4 /* Release */ = {
			isa = XCBuildConfiguration;
			buildSettings = {
				ALWAYS_EMBED_SWIFT_STANDARD_LIBRARIES = YES;
				BUNDLE_LOADER = "$(TEST_HOST)";
				CODE_SIGN_STYLE = Automatic;
				DEVELOPMENT_TEAM = 3FDUNMTLJS;
				INFOPLIST_FILE = ManyverseTests/Info.plist;
				IPHONEOS_DEPLOYMENT_TARGET = 14.0;
				LD_RUNPATH_SEARCH_PATHS = (
					"$(inherited)",
					"@executable_path/Frameworks",
					"@loader_path/Frameworks",
				);
				PRODUCT_BUNDLE_IDENTIFIER = se.manyver.ManyverseTests;
				PRODUCT_NAME = "$(TARGET_NAME)";
				SWIFT_VERSION = 5.0;
				TARGETED_DEVICE_FAMILY = "1,2";
				TEST_HOST = "$(BUILT_PRODUCTS_DIR)/Manyverse.app/Manyverse";
			};
			name = Release;
		};
		55F102DD25F5207100D186D4 /* Debug */ = {
			isa = XCBuildConfiguration;
			buildSettings = {
				ALWAYS_EMBED_SWIFT_STANDARD_LIBRARIES = YES;
				CODE_SIGN_STYLE = Automatic;
				DEVELOPMENT_TEAM = 3FDUNMTLJS;
				INFOPLIST_FILE = ManyverseUITests/Info.plist;
				LD_RUNPATH_SEARCH_PATHS = (
					"$(inherited)",
					"@executable_path/Frameworks",
					"@loader_path/Frameworks",
				);
				PRODUCT_BUNDLE_IDENTIFIER = se.manyver.ManyverseUITests;
				PRODUCT_NAME = "$(TARGET_NAME)";
				SWIFT_VERSION = 5.0;
				TARGETED_DEVICE_FAMILY = "1,2";
				TEST_TARGET_NAME = Manyverse;
			};
			name = Debug;
		};
		55F102DE25F5207100D186D4 /* Release */ = {
			isa = XCBuildConfiguration;
			buildSettings = {
				ALWAYS_EMBED_SWIFT_STANDARD_LIBRARIES = YES;
				CODE_SIGN_STYLE = Automatic;
				DEVELOPMENT_TEAM = 3FDUNMTLJS;
				INFOPLIST_FILE = ManyverseUITests/Info.plist;
				LD_RUNPATH_SEARCH_PATHS = (
					"$(inherited)",
					"@executable_path/Frameworks",
					"@loader_path/Frameworks",
				);
				PRODUCT_BUNDLE_IDENTIFIER = se.manyver.ManyverseUITests;
				PRODUCT_NAME = "$(TARGET_NAME)";
				SWIFT_VERSION = 5.0;
				TARGETED_DEVICE_FAMILY = "1,2";
				TEST_TARGET_NAME = Manyverse;
			};
			name = Release;
		};
/* End XCBuildConfiguration section */

/* Begin XCConfigurationList section */
		55F102AC25F5207000D186D4 /* Build configuration list for PBXProject "Manyverse" */ = {
			isa = XCConfigurationList;
			buildConfigurations = (
				55F102D425F5207100D186D4 /* Debug */,
				55F102D525F5207100D186D4 /* Release */,
			);
			defaultConfigurationIsVisible = 0;
			defaultConfigurationName = Release;
		};
		55F102D625F5207100D186D4 /* Build configuration list for PBXNativeTarget "Manyverse" */ = {
			isa = XCConfigurationList;
			buildConfigurations = (
				55F102D725F5207100D186D4 /* Debug */,
				55F102D825F5207100D186D4 /* Release */,
			);
			defaultConfigurationIsVisible = 0;
			defaultConfigurationName = Release;
		};
		55F102D925F5207100D186D4 /* Build configuration list for PBXNativeTarget "ManyverseTests" */ = {
			isa = XCConfigurationList;
			buildConfigurations = (
				55F102DA25F5207100D186D4 /* Debug */,
				55F102DB25F5207100D186D4 /* Release */,
			);
			defaultConfigurationIsVisible = 0;
			defaultConfigurationName = Release;
		};
		55F102DC25F5207100D186D4 /* Build configuration list for PBXNativeTarget "ManyverseUITests" */ = {
			isa = XCConfigurationList;
			buildConfigurations = (
				55F102DD25F5207100D186D4 /* Debug */,
				55F102DE25F5207100D186D4 /* Release */,
			);
			defaultConfigurationIsVisible = 0;
			defaultConfigurationName = Release;
		};
/* End XCConfigurationList section */
	};
	rootObject = 55F102A925F5207000D186D4 /* Project object */;
}
